
Microsoft Visual Studio Solution File, Format Version 12.00
# Visual Studio Version 17
VisualStudioVersion = 17.11.35312.102
MinimumVisualStudioVersion = 10.0.40219.1
Project("{FAE04EC0-301F-11D3-BF4B-00C04F79EFBC}") = "TOTP", "TOTP\TOTP.csproj", "{BDEF5E9C-E273-4E3A-ACCC-B52B524E2D7D}"
EndProject
Project("{FAE04EC0-301F-11D3-BF4B-00C04F79EFBC}") = "RFC6238", "RFC6238\RFC6238.csproj", "{3C08AC7C-F8C5-457B-8FC1-B591107E6F9D}"
EndProject
Global
	GlobalSection(SolutionConfigurationPlatforms) = preSolution
		Debug|Any CPU = Debug|Any CPU
		Release|Any CPU = Release|Any CPU
	EndGlobalSection
	GlobalSection(ProjectConfigurationPlatforms) = postSolution
		{BDEF5E9C-E273-4E3A-ACCC-B52B524E2D7D}.Debug|Any CPU.ActiveCfg = Debug|Any CPU
		{BDEF5E9C-E273-4E3A-ACCC-B52B524E2D7D}.Debug|Any CPU.Build.0 = Debug|Any CPU
		{BDEF5E9C-E273-4E3A-ACCC-B52B524E2D7D}.Release|Any CPU.ActiveCfg = Release|Any CPU
		{BDEF5E9C-E273-4E3A-ACCC-B52B524E2D7D}.Release|Any CPU.Build.0 = Release|Any CPU
		{3C08AC7C-F8C5-457B-8FC1-B591107E6F9D}.Debug|Any CPU.ActiveCfg = Debug|Any CPU
		{3C08AC7C-F8C5-457B-8FC1-B591107E6F9D}.Debug|Any CPU.Build.0 = Debug|Any CPU
		{3C08AC7C-F8C5-457B-8FC1-B591107E6F9D}.Release|Any CPU.ActiveCfg = Release|Any CPU
		{3C08AC7C-F8C5-457B-8FC1-B591107E6F9D}.Release|Any CPU.Build.0 = Release|Any CPU
	EndGlobalSection
	GlobalSection(SolutionProperties) = preSolution
		HideSolutionNode = FALSE
	EndGlobalSection
	GlobalSection(ExtensibilityGlobals) = postSolution
		SolutionGuid = {1F700776-A242-4321-99F2-39CEA06B8C3A}
	EndGlobalSection
EndGlobal
